{
  "pins" : [
    {
      "identity" : "lookinserver",
      "kind" : "remoteSourceControl",
      "location" : "https://github.com/QMUI/LookinServer/",
      "state" : {
        "revision" : "b37495ea751dcde98deb3ccc93e556640ffb0eac",
        "version" : "1.2.6"
      }
    }
  ],
  "version" : 2
}
